
Microsoft Visual Studio Solution File, Format Version 12.00
# Visual Studio Version 17
VisualStudioVersion = 17.1.32228.430
MinimumVisualStudioVersion = 10.0.40219.1
Project("{FAE04EC0-301F-11D3-BF4B-00C04F79EFBC}") = "MyCampusUI", "MyCampusUI\MyCampusUI.csproj", "{2F33FAC3-7FB6-4839-BFC9-BE9BAACA1B08}"
EndProject
Project("{FAE04EC0-301F-11D3-BF4B-00C04F79EFBC}") = "MyCampusData", "MyCampusData\MyCampusData.csproj", "{0E296E03-D0F1-4340-86DA-D608103761D1}"
EndProject
Global
	GlobalSection(SolutionConfigurationPlatforms) = preSolution
		Debug|Any CPU = Debug|Any CPU
		Release|Any CPU = Release|Any CPU
	EndGlobalSection
	GlobalSection(ProjectConfigurationPlatforms) = postSolution
		{2F33FAC3-7FB6-4839-BFC9-BE9BAACA1B08}.Debug|Any CPU.ActiveCfg = Debug|Any CPU
		{2F33FAC3-7FB6-4839-BFC9-BE9BAACA1B08}.Debug|Any CPU.Build.0 = Debug|Any CPU
		{2F33FAC3-7FB6-4839-BFC9-BE9BAACA1B08}.Release|Any CPU.ActiveCfg = Release|Any CPU
		{2F33FAC3-7FB6-4839-BFC9-BE9BAACA1B08}.Release|Any CPU.Build.0 = Release|Any CPU
		{0E296E03-D0F1-4340-86DA-D608103761D1}.Debug|Any CPU.ActiveCfg = Debug|Any CPU
		{0E296E03-D0F1-4340-86DA-D608103761D1}.Debug|Any CPU.Build.0 = Debug|Any CPU
		{0E296E03-D0F1-4340-86DA-D608103761D1}.Release|Any CPU.ActiveCfg = Release|Any CPU
		{0E296E03-D0F1-4340-86DA-D608103761D1}.Release|Any CPU.Build.0 = Release|Any CPU
	EndGlobalSection
	GlobalSection(SolutionProperties) = preSolution
		HideSolutionNode = FALSE
	EndGlobalSection
	GlobalSection(ExtensibilityGlobals) = postSolution
		SolutionGuid = {3511F1EF-D5F2-4751-AEE8-B589F9DA172E}
	EndGlobalSection
EndGlobal
